
Microsoft Visual Studio Solution File, Format Version 12.00
# Visual Studio Version 17
VisualStudioVersion = 17.11.35208.52
MinimumVisualStudioVersion = 10.0.40219.1
Project("{FAE04EC0-301F-11D3-BF4B-00C04F79EFBC}") = "Успадкування(фрукт)", "Успадкування(фрукт).csproj", "{5B462005-C848-4FE9-95BB-AD6A494D3692}"
EndProject
Global
	GlobalSection(SolutionConfigurationPlatforms) = preSolution
		Debug|Any CPU = Debug|Any CPU
		Release|Any CPU = Release|Any CPU
	EndGlobalSection
	GlobalSection(ProjectConfigurationPlatforms) = postSolution
		{5B462005-C848-4FE9-95BB-AD6A494D3692}.Debug|Any CPU.ActiveCfg = Debug|Any CPU
		{5B462005-C848-4FE9-95BB-AD6A494D3692}.Debug|Any CPU.Build.0 = Debug|Any CPU
		{5B462005-C848-4FE9-95BB-AD6A494D3692}.Release|Any CPU.ActiveCfg = Release|Any CPU
		{5B462005-C848-4FE9-95BB-AD6A494D3692}.Release|Any CPU.Build.0 = Release|Any CPU
	EndGlobalSection
	GlobalSection(SolutionProperties) = preSolution
		HideSolutionNode = FALSE
	EndGlobalSection
	GlobalSection(ExtensibilityGlobals) = postSolution
		SolutionGuid = {6BDD6760-A3DD-476A-A091-4D3D59CE43B6}
	EndGlobalSection
EndGlobal
